github.com/AxisCommunications/go-dpop v1.1.2 h1:ICgk/8crE7pmWo5MML1kzyHF9wVJg6a78fW7rKxFavg=
github.com/AxisCommunications/go-dpop v1.1.2/go.mod h1:bGUXY9Wd4mnd+XUrOYZr358J2f6z9QO/dLhL1SsiD+0=
github.com/go-jose/go-jose/v4 v4.1.4 h1:moDMcTHmvE6Groj34emNPLs/qtYXRVcd6S7NHbHz3kA=
github.com/go-jose/go-jose/v4 v4.1.4/go.mod h1:x4oUasVrzR7071A4TnHLGSPpNOm2a21K9Kf04k1rs08=
github.com/golang-jwt/jwt/v5 v5.2.1 h1:OuVbFODueb089Lh128TAcimifWaLhJwVflnrgM17wHk=
github.com/golang-jwt/jwt/v5 v5.2.1/go.mod h1:pqrtFR0X4osieyHYxtmOUWsAWrfe1Q5UVIyoH402zdk=
